
Microsoft Visual Studio Solution File, Format Version 12.00
# Visual Studio Version 16
VisualStudioVersion = 16.0.29709.97
MinimumVisualStudioVersion = 10.0.40219.1
Project("{FAE04EC0-301F-11D3-BF4B-00C04F79EFBC}") = "SIS.MvcFramework", "SIS.MvcFramework\SIS.MvcFramework.csproj", "{416F780B-1BED-402B-A498-43F2B15AA915}"
EndProject
Project("{FAE04EC0-301F-11D3-BF4B-00C04F79EFBC}") = "DemoApp", "DemoApp\DemoApp.csproj", "{8979C3F4-8476-461A-AC1C-DB8DEA69C0EC}"
EndProject
Project("{9A19103F-16F7-4668-BE54-9A1E7A4F7556}") = "SIS.HTTP", "SIS.HTTP\SIS.HTTP.csproj", "{BBFA2C28-D51A-4CE1-97FC-BAED5AF54342}"
EndProject
Global
	GlobalSection(SolutionConfigurationPlatforms) = preSolution
		Debug|Any CPU = Debug|Any CPU
		Release|Any CPU = Release|Any CPU
	EndGlobalSection
	GlobalSection(ProjectConfigurationPlatforms) = postSolution
		{416F780B-1BED-402B-A498-43F2B15AA915}.Debug|Any CPU.ActiveCfg = Debug|Any CPU
		{416F780B-1BED-402B-A498-43F2B15AA915}.Debug|Any CPU.Build.0 = Debug|Any CPU
		{416F780B-1BED-402B-A498-43F2B15AA915}.Release|Any CPU.ActiveCfg = Release|Any CPU
		{416F780B-1BED-402B-A498-43F2B15AA915}.Release|Any CPU.Build.0 = Release|Any CPU
		{8979C3F4-8476-461A-AC1C-DB8DEA69C0EC}.Debug|Any CPU.ActiveCfg = Debug|Any CPU
		{8979C3F4-8476-461A-AC1C-DB8DEA69C0EC}.Debug|Any CPU.Build.0 = Debug|Any CPU
		{8979C3F4-8476-461A-AC1C-DB8DEA69C0EC}.Release|Any CPU.ActiveCfg = Release|Any CPU
		{8979C3F4-8476-461A-AC1C-DB8DEA69C0EC}.Release|Any CPU.Build.0 = Release|Any CPU
		{BBFA2C28-D51A-4CE1-97FC-BAED5AF54342}.Debug|Any CPU.ActiveCfg = Debug|Any CPU
		{BBFA2C28-D51A-4CE1-97FC-BAED5AF54342}.Debug|Any CPU.Build.0 = Debug|Any CPU
		{BBFA2C28-D51A-4CE1-97FC-BAED5AF54342}.Release|Any CPU.ActiveCfg = Release|Any CPU
		{BBFA2C28-D51A-4CE1-97FC-BAED5AF54342}.Release|Any CPU.Build.0 = Release|Any CPU
	EndGlobalSection
	GlobalSection(SolutionProperties) = preSolution
		HideSolutionNode = FALSE
	EndGlobalSection
	GlobalSection(ExtensibilityGlobals) = postSolution
		SolutionGuid = {0D12013E-AFF7-40F4-AEF8-489E4001BBE1}
	EndGlobalSection
EndGlobal
